# Zentinel Distribution Bundle - Version Lock File
#
# This file pins the agent versions included in the bundle distribution.
# The lock file is embedded in the Zentinel binary at compile time.
#
# Update via PR when agents release new versions.
# Format: CalVer for bundle, SemVer for agents

[bundle]
# Bundle version (CalVer: YY.MM_PATCH)
version = "26.02_11"

[agents]
# Core agents (included in default bundle install)
waf = "0.3.0"
ratelimit = "0.3.0"
denylist = "0.3.0"

# Security agents
zentinelsec = "0.3.0"
modsec = "0.3.0"
ip-reputation = "0.4.0"
bot-management = "0.4.0"
content-scanner = "0.4.0"

# API security agents
graphql-security = "0.4.0"
grpc-inspector = "0.4.0"
soap = "0.4.0"
api-deprecation = "0.4.0"

# Protocol agents
websocket-inspector = "0.4.0"
mqtt-gateway = "0.4.0"

# Scripting agents
lua = "0.3.0"
js = "0.3.0"
wasm = "0.3.0"

# Utility agents
transform = "0.4.0"
audit-logger = "0.4.0"
mock-server = "0.4.0"
chaos = "0.4.0"

# Identity agents
spiffe = "0.3.0"

[repositories]
# Core agents
waf = "zentinelproxy/zentinel-agent-waf"
ratelimit = "zentinelproxy/zentinel-agent-ratelimit"
denylist = "zentinelproxy/zentinel-agent-denylist"

# Security agents
zentinelsec = "zentinelproxy/zentinel-agent-zentinelsec"
modsec = "zentinelproxy/zentinel-agent-modsec"
ip-reputation = "zentinelproxy/zentinel-agent-ip-reputation"
bot-management = "zentinelproxy/zentinel-agent-bot-management"
content-scanner = "zentinelproxy/zentinel-agent-content-scanner"

# API security agents
graphql-security = "zentinelproxy/zentinel-agent-graphql-security"
grpc-inspector = "zentinelproxy/zentinel-agent-grpc-inspector"
soap = "zentinelproxy/zentinel-agent-soap"
api-deprecation = "zentinelproxy/zentinel-agent-api-deprecation"

# Protocol agents
websocket-inspector = "zentinelproxy/zentinel-agent-websocket-inspector"
mqtt-gateway = "zentinelproxy/zentinel-agent-mqtt-gateway"

# Scripting agents
lua = "zentinelproxy/zentinel-agent-lua"
js = "zentinelproxy/zentinel-agent-js"
wasm = "zentinelproxy/zentinel-agent-wasm"

# Utility agents
transform = "zentinelproxy/zentinel-agent-transform"
audit-logger = "zentinelproxy/zentinel-agent-audit-logger"
mock-server = "zentinelproxy/zentinel-agent-mock-server"
chaos = "zentinelproxy/zentinel-agent-chaos"

# Identity agents
spiffe = "zentinelproxy/zentinel-agent-spiffe"

[checksums]
# SHA256 checksums for verification (optional, updated by release CI)
# Format: agent-version-os-arch = "sha256:..."
